
Microsoft Visual Studio Solution File, Format Version 12.00
# Visual Studio Version 16
VisualStudioVersion = 16.0.31205.134
MinimumVisualStudioVersion = 10.0.40219.1
Project("{9A19103F-16F7-4668-BE54-9A1E7A4F7556}") = "Task1", "Task1\Task1.csproj", "{E5E83ECF-CBD2-4192-A810-508AACB513A7}"
EndProject
Project("{FAE04EC0-301F-11D3-BF4B-00C04F79EFBC}") = "Task2", "Task2\Task2.csproj", "{9F3BE0A5-212F-407B-8B14-97D13EDA27AB}"
EndProject
Project("{FAE04EC0-301F-11D3-BF4B-00C04F79EFBC}") = "Task3", "Task3\Task3.csproj", "{0F577D2B-8A33-43C6-8F82-6131B52880B2}"
EndProject
Global
	GlobalSection(SolutionConfigurationPlatforms) = preSolution
		Debug|Any CPU = Debug|Any CPU
		Release|Any CPU = Release|Any CPU
	EndGlobalSection
	GlobalSection(ProjectConfigurationPlatforms) = postSolution
		{E5E83ECF-CBD2-4192-A810-508AACB513A7}.Debug|Any CPU.ActiveCfg = Debug|Any CPU
		{E5E83ECF-CBD2-4192-A810-508AACB513A7}.Debug|Any CPU.Build.0 = Debug|Any CPU
		{E5E83ECF-CBD2-4192-A810-508AACB513A7}.Release|Any CPU.ActiveCfg = Release|Any CPU
		{E5E83ECF-CBD2-4192-A810-508AACB513A7}.Release|Any CPU.Build.0 = Release|Any CPU
		{9F3BE0A5-212F-407B-8B14-97D13EDA27AB}.Debug|Any CPU.ActiveCfg = Debug|Any CPU
		{9F3BE0A5-212F-407B-8B14-97D13EDA27AB}.Debug|Any CPU.Build.0 = Debug|Any CPU
		{9F3BE0A5-212F-407B-8B14-97D13EDA27AB}.Release|Any CPU.ActiveCfg = Release|Any CPU
		{9F3BE0A5-212F-407B-8B14-97D13EDA27AB}.Release|Any CPU.Build.0 = Release|Any CPU
		{0F577D2B-8A33-43C6-8F82-6131B52880B2}.Debug|Any CPU.ActiveCfg = Debug|Any CPU
		{0F577D2B-8A33-43C6-8F82-6131B52880B2}.Debug|Any CPU.Build.0 = Debug|Any CPU
		{0F577D2B-8A33-43C6-8F82-6131B52880B2}.Release|Any CPU.ActiveCfg = Release|Any CPU
		{0F577D2B-8A33-43C6-8F82-6131B52880B2}.Release|Any CPU.Build.0 = Release|Any CPU
	EndGlobalSection
	GlobalSection(SolutionProperties) = preSolution
		HideSolutionNode = FALSE
	EndGlobalSection
	GlobalSection(ExtensibilityGlobals) = postSolution
		SolutionGuid = {45C04E2A-F70F-41BD-8886-C1B162640E41}
	EndGlobalSection
EndGlobal
